
Microsoft Visual Studio Solution File, Format Version 12.00
# Visual Studio 15
VisualStudioVersion = 15.0.26430.6
MinimumVisualStudioVersion = 10.0.40219.1
Project("{FAE04EC0-301F-11D3-BF4B-00C04F79EFBC}") = "LPA2.Domain", "LPA2.Domain\LPA2.Domain.csproj", "{D1796181-0694-43F1-BE04-C942591096D0}"
EndProject
Project("{FAE04EC0-301F-11D3-BF4B-00C04F79EFBC}") = "LPA2.Shared", "LPA2.Shared\LPA2.Shared.csproj", "{749E0196-0CB5-4230-BEBF-601B09B1D86B}"
EndProject
Project("{FAE04EC0-301F-11D3-BF4B-00C04F79EFBC}") = "LPA2.Domain.Tests", "LPA2.Domain.Tests\LPA2.Domain.Tests.csproj", "{A7395D5D-C5D1-4123-919A-980A408065E3}"
EndProject
Global
	GlobalSection(SolutionConfigurationPlatforms) = preSolution
		Debug|Any CPU = Debug|Any CPU
		Release|Any CPU = Release|Any CPU
	EndGlobalSection
	GlobalSection(ProjectConfigurationPlatforms) = postSolution
		{D1796181-0694-43F1-BE04-C942591096D0}.Debug|Any CPU.ActiveCfg = Debug|Any CPU
		{D1796181-0694-43F1-BE04-C942591096D0}.Debug|Any CPU.Build.0 = Debug|Any CPU
		{D1796181-0694-43F1-BE04-C942591096D0}.Release|Any CPU.ActiveCfg = Release|Any CPU
		{D1796181-0694-43F1-BE04-C942591096D0}.Release|Any CPU.Build.0 = Release|Any CPU
		{749E0196-0CB5-4230-BEBF-601B09B1D86B}.Debug|Any CPU.ActiveCfg = Debug|Any CPU
		{749E0196-0CB5-4230-BEBF-601B09B1D86B}.Debug|Any CPU.Build.0 = Debug|Any CPU
		{749E0196-0CB5-4230-BEBF-601B09B1D86B}.Release|Any CPU.ActiveCfg = Release|Any CPU
		{749E0196-0CB5-4230-BEBF-601B09B1D86B}.Release|Any CPU.Build.0 = Release|Any CPU
		{A7395D5D-C5D1-4123-919A-980A408065E3}.Debug|Any CPU.ActiveCfg = Debug|Any CPU
		{A7395D5D-C5D1-4123-919A-980A408065E3}.Debug|Any CPU.Build.0 = Debug|Any CPU
		{A7395D5D-C5D1-4123-919A-980A408065E3}.Release|Any CPU.ActiveCfg = Release|Any CPU
		{A7395D5D-C5D1-4123-919A-980A408065E3}.Release|Any CPU.Build.0 = Release|Any CPU
	EndGlobalSection
	GlobalSection(SolutionProperties) = preSolution
		HideSolutionNode = FALSE
	EndGlobalSection
EndGlobal
